
Microsoft Visual Studio Solution File, Format Version 12.00
# Visual Studio Version 17
VisualStudioVersion = 17.2.32616.157
MinimumVisualStudioVersion = 10.0.40219.1
Project("{FAE04EC0-301F-11D3-BF4B-00C04F79EFBC}") = "BookStore.Api", "BookStore.Api\BookStore.Api.csproj", "{57C78F70-3C66-4E36-97BB-7394A11BBCE3}"
EndProject
Project("{FAE04EC0-301F-11D3-BF4B-00C04F79EFBC}") = "BookStore.Models", "BookStore.Models\BookStore.Models.csproj", "{EBAF6C08-10EB-4B78-A196-E4060C072644}"
EndProject
Project("{FAE04EC0-301F-11D3-BF4B-00C04F79EFBC}") = "BookStore.Repository", "BookStore.Repository\BookStore.Repository.csproj", "{324BB310-AE60-4DAB-B3AE-2DF976E1B12E}"
EndProject
Global
	GlobalSection(SolutionConfigurationPlatforms) = preSolution
		Debug|Any CPU = Debug|Any CPU
		Release|Any CPU = Release|Any CPU
	EndGlobalSection
	GlobalSection(ProjectConfigurationPlatforms) = postSolution
		{57C78F70-3C66-4E36-97BB-7394A11BBCE3}.Debug|Any CPU.ActiveCfg = Debug|Any CPU
		{57C78F70-3C66-4E36-97BB-7394A11BBCE3}.Debug|Any CPU.Build.0 = Debug|Any CPU
		{57C78F70-3C66-4E36-97BB-7394A11BBCE3}.Release|Any CPU.ActiveCfg = Release|Any CPU
		{57C78F70-3C66-4E36-97BB-7394A11BBCE3}.Release|Any CPU.Build.0 = Release|Any CPU
		{EBAF6C08-10EB-4B78-A196-E4060C072644}.Debug|Any CPU.ActiveCfg = Debug|Any CPU
		{EBAF6C08-10EB-4B78-A196-E4060C072644}.Debug|Any CPU.Build.0 = Debug|Any CPU
		{EBAF6C08-10EB-4B78-A196-E4060C072644}.Release|Any CPU.ActiveCfg = Release|Any CPU
		{EBAF6C08-10EB-4B78-A196-E4060C072644}.Release|Any CPU.Build.0 = Release|Any CPU
		{324BB310-AE60-4DAB-B3AE-2DF976E1B12E}.Debug|Any CPU.ActiveCfg = Debug|Any CPU
		{324BB310-AE60-4DAB-B3AE-2DF976E1B12E}.Debug|Any CPU.Build.0 = Debug|Any CPU
		{324BB310-AE60-4DAB-B3AE-2DF976E1B12E}.Release|Any CPU.ActiveCfg = Release|Any CPU
		{324BB310-AE60-4DAB-B3AE-2DF976E1B12E}.Release|Any CPU.Build.0 = Release|Any CPU
	EndGlobalSection
	GlobalSection(SolutionProperties) = preSolution
		HideSolutionNode = FALSE
	EndGlobalSection
	GlobalSection(ExtensibilityGlobals) = postSolution
		SolutionGuid = {C0D872B9-BC5A-487C-9B32-8450ED80D913}
	EndGlobalSection
EndGlobal
